
Microsoft Visual Studio Solution File, Format Version 12.00
Project("{FAE04EC0-301F-11D3-BF4B-00C04F79EFBC}") = "PL_API", "PL_API\PL_API.csproj", "{3573F81F-223B-4BC3-BE2F-76E931B0B0EA}"
EndProject
Global
	GlobalSection(SolutionConfigurationPlatforms) = preSolution
		Debug|Any CPU = Debug|Any CPU
		Release|Any CPU = Release|Any CPU
	EndGlobalSection
	GlobalSection(ProjectConfigurationPlatforms) = postSolution
		{3573F81F-223B-4BC3-BE2F-76E931B0B0EA}.Debug|Any CPU.ActiveCfg = Debug|Any CPU
		{3573F81F-223B-4BC3-BE2F-76E931B0B0EA}.Debug|Any CPU.Build.0 = Debug|Any CPU
		{3573F81F-223B-4BC3-BE2F-76E931B0B0EA}.Release|Any CPU.ActiveCfg = Release|Any CPU
		{3573F81F-223B-4BC3-BE2F-76E931B0B0EA}.Release|Any CPU.Build.0 = Release|Any CPU
	EndGlobalSection
EndGlobal
